
Microsoft Visual Studio Solution File, Format Version 12.00
# Visual Studio Version 17
VisualStudioVersion = 17.14.36414.22
MinimumVisualStudioVersion = 10.0.40219.1
Project("{FAE04EC0-301F-11D3-BF4B-00C04F79EFBC}") = "fullstackbe", "fullstackbe.csproj", "{FFE7E5ED-48F7-497D-8B40-C039612E4CF6}"
EndProject
Project("{FAE04EC0-301F-11D3-BF4B-00C04F79EFBC}") = "fullstackbetest", "..\fullstackbetest\fullstackbetest.csproj", "{61BEB345-F047-4A0F-8420-299D6B16A5E8}"
EndProject
Global
	GlobalSection(SolutionConfigurationPlatforms) = preSolution
		Debug|Any CPU = Debug|Any CPU
		Release|Any CPU = Release|Any CPU
	EndGlobalSection
	GlobalSection(ProjectConfigurationPlatforms) = postSolution
		{FFE7E5ED-48F7-497D-8B40-C039612E4CF6}.Debug|Any CPU.ActiveCfg = Debug|Any CPU
		{FFE7E5ED-48F7-497D-8B40-C039612E4CF6}.Debug|Any CPU.Build.0 = Debug|Any CPU
		{FFE7E5ED-48F7-497D-8B40-C039612E4CF6}.Release|Any CPU.ActiveCfg = Release|Any CPU
		{FFE7E5ED-48F7-497D-8B40-C039612E4CF6}.Release|Any CPU.Build.0 = Release|Any CPU
		{61BEB345-F047-4A0F-8420-299D6B16A5E8}.Debug|Any CPU.ActiveCfg = Debug|Any CPU
		{61BEB345-F047-4A0F-8420-299D6B16A5E8}.Debug|Any CPU.Build.0 = Debug|Any CPU
		{61BEB345-F047-4A0F-8420-299D6B16A5E8}.Release|Any CPU.ActiveCfg = Release|Any CPU
		{61BEB345-F047-4A0F-8420-299D6B16A5E8}.Release|Any CPU.Build.0 = Release|Any CPU
	EndGlobalSection
	GlobalSection(SolutionProperties) = preSolution
		HideSolutionNode = FALSE
	EndGlobalSection
	GlobalSection(ExtensibilityGlobals) = postSolution
		SolutionGuid = {1BE7B11D-91C4-42DB-826E-EF6A28B49C2F}
	EndGlobalSection
EndGlobal
